// !$*UTF8*$!
{
	archiveVersion = 1;
	classes = {
	};
	objectVersion = 46;
	objects = {

/* Begin PBXBuildFile section */
		006D720419952D00008149E2 /* AVFoundation.framework in Frameworks */ = {isa = PBXBuildFile; fileRef = 006D720219952D00008149E2 /* AVFoundation.framework */; };
		006D720519952D00008149E2 /* CoreMedia.framework in Frameworks */ = {isa = PBXBuildFile; fileRef = 006D720319952D00008149E2 /* CoreMedia.framework */; };
		0091D8F90E81B9330029341E /* OpenGL.framework in Frameworks */ = {isa = PBXBuildFile; fileRef = 0091D8F80E81B9330029341E /* OpenGL.framework */; };
		00B784B30FF439BC000DE1D7 /* Accelerate.framework in Frameworks */ = {isa = PBXBuildFile; fileRef = 00B784AF0FF439BC000DE1D7 /* Accelerate.framework */; };
		00B784B40FF439BC000DE1D7 /* AudioToolbox.framework in Frameworks */ = {isa = PBXBuildFile; fileRef = 00B784B00FF439BC000DE1D7 /* AudioToolbox.framework */; };
		00B784B50FF439BC000DE1D7 /* AudioUnit.framework in Frameworks */ = {isa = PBXBuildFile; fileRef = 00B784B10FF439BC000DE1D7 /* AudioUnit.framework */; };
		00B784B60FF439BC000DE1D7 /* CoreAudio.framework in Frameworks */ = {isa = PBXBuildFile; fileRef = 00B784B20FF439BC000DE1D7 /* CoreAudio.framework */; };
		3C1C7DF01ACA18A600F41619 /* WebUI.cpp in Sources */ = {isa = PBXBuildFile; fileRef = 3C1C7DEF1ACA18A600F41619 /* WebUI.cpp */; };
		3C2DFC5D1C348BC800E5DB9F /* IOKit.framework in Frameworks */ = {isa = PBXBuildFile; fileRef = 3C2DFC5B1C348BC800E5DB9F /* IOKit.framework */; };
		3C2DFC5E1C348BC800E5DB9F /* IOSurface.framework in Frameworks */ = {isa = PBXBuildFile; fileRef = 3C2DFC5C1C348BC800E5DB9F /* IOSurface.framework */; };
		3C2DFCD61C34A06A00E5DB9F /* CMakeLists.txt in Resources */ = {isa = PBXBuildFile; fileRef = 3C2DFC641C34A06A00E5DB9F /* CMakeLists.txt */; };
		3C2DFCD71C34A06A00E5DB9F /* WebSocketClient.cpp in Sources */ = {isa = PBXBuildFile; fileRef = 3C2DFCD01C34A06A00E5DB9F /* WebSocketClient.cpp */; };
		3C2DFCD81C34A06A00E5DB9F /* WebSocketConnection.cpp in Sources */ = {isa = PBXBuildFile; fileRef = 3C2DFCD21C34A06A00E5DB9F /* WebSocketConnection.cpp */; };
		3C2DFCD91C34A06A00E5DB9F /* WebSocketServer.cpp in Sources */ = {isa = PBXBuildFile; fileRef = 3C2DFCD41C34A06A00E5DB9F /* WebSocketServer.cpp */; };
		5323E6B20EAFCA74003A9687 /* CoreVideo.framework in Frameworks */ = {isa = PBXBuildFile; fileRef = 5323E6B10EAFCA74003A9687 /* CoreVideo.framework */; };
		5323E6B60EAFCA7E003A9687 /* QTKit.framework in Frameworks */ = {isa = PBXBuildFile; fileRef = 5323E6B50EAFCA7E003A9687 /* QTKit.framework */; };
		5D822F9D22024DECB746BB88 /* WebUISampleApp.cpp in Sources */ = {isa = PBXBuildFile; fileRef = A2D1B6E0D0694F3F85AB82DD /* WebUISampleApp.cpp */; };
		8D11072F0486CEB800E47090 /* Cocoa.framework in Frameworks */ = {isa = PBXBuildFile; fileRef = 1058C7A1FEA54F0111CA2CBB /* Cocoa.framework */; };
		A0D861E4720F4834841E98D0 /* CinderApp.icns in Resources */ = {isa = PBXBuildFile; fileRef = B7589CB967D04D999CAA2F23 /* CinderApp.icns */; };
/* End PBXBuildFile section */

/* Begin PBXFileReference section */
		006D720219952D00008149E2 /* AVFoundation.framework */ = {isa = PBXFileReference; lastKnownFileType = wrapper.framework; name = AVFoundation.framework; path = System/Library/Frameworks/AVFoundation.framework; sourceTree = SDKROOT; };
		006D720319952D00008149E2 /* CoreMedia.framework */ = {isa = PBXFileReference; lastKnownFileType = wrapper.framework; name = CoreMedia.framework; path = System/Library/Frameworks/CoreMedia.framework; sourceTree = SDKROOT; };
		0091D8F80E81B9330029341E /* OpenGL.framework */ = {isa = PBXFileReference; lastKnownFileType = wrapper.framework; name = OpenGL.framework; path = /System/Library/Frameworks/OpenGL.framework; sourceTree = "<absolute>"; };
		00B784AF0FF439BC000DE1D7 /* Accelerate.framework */ = {isa = PBXFileReference; lastKnownFileType = wrapper.framework; name = Accelerate.framework; path = System/Library/Frameworks/Accelerate.framework; sourceTree = SDKROOT; };
		00B784B00FF439BC000DE1D7 /* AudioToolbox.framework */ = {isa = PBXFileReference; lastKnownFileType = wrapper.framework; name = AudioToolbox.framework; path = System/Library/Frameworks/AudioToolbox.framework; sourceTree = SDKROOT; };
		00B784B10FF439BC000DE1D7 /* AudioUnit.framework */ = {isa = PBXFileReference; lastKnownFileType = wrapper.framework; name = AudioUnit.framework; path = System/Library/Frameworks/AudioUnit.framework; sourceTree = SDKROOT; };
		00B784B20FF439BC000DE1D7 /* CoreAudio.framework */ = {isa = PBXFileReference; lastKnownFileType = wrapper.framework; name = CoreAudio.framework; path = System/Library/Frameworks/CoreAudio.framework; sourceTree = SDKROOT; };
		1058C7A1FEA54F0111CA2CBB /* Cocoa.framework */ = {isa = PBXFileReference; lastKnownFileType = wrapper.framework; name = Cocoa.framework; path = /System/Library/Frameworks/Cocoa.framework; sourceTree = "<absolute>"; };
		28EB31F4D7614B2D9635B14D /* Resources.h */ = {isa = PBXFileReference; lastKnownFileType = sourcecode.c.h; name = Resources.h; path = ../include/Resources.h; sourceTree = "<group>"; };
		29B97324FDCFA39411CA2CEA /* AppKit.framework */ = {isa = PBXFileReference; lastKnownFileType = wrapper.framework; name = AppKit.framework; path = /System/Library/Frameworks/AppKit.framework; sourceTree = "<absolute>"; };
		29B97325FDCFA39411CA2CEA /* Foundation.framework */ = {isa = PBXFileReference; lastKnownFileType = wrapper.framework; name = Foundation.framework; path = /System/Library/Frameworks/Foundation.framework; sourceTree = "<absolute>"; };
		30F70D5AECE745F5BBFE629E /* Info.plist */ = {isa = PBXFileReference; lastKnownFileType = text.plist.xml; path = Info.plist; sourceTree = "<group>"; };
		3C1C7DEE1ACA189900F41619 /* WebUI.h */ = {isa = PBXFileReference; fileEncoding = 4; lastKnownFileType = sourcecode.c.h; path = WebUI.h; sourceTree = "<group>"; };
		3C1C7DEF1ACA18A600F41619 /* WebUI.cpp */ = {isa = PBXFileReference; fileEncoding = 4; lastKnownFileType = sourcecode.cpp.cpp; path = WebUI.cpp; sourceTree = "<group>"; };
		3C2DFC5B1C348BC800E5DB9F /* IOKit.framework */ = {isa = PBXFileReference; lastKnownFileType = wrapper.framework; name = IOKit.framework; path = System/Library/Frameworks/IOKit.framework; sourceTree = SDKROOT; };
		3C2DFC5C1C348BC800E5DB9F /* IOSurface.framework */ = {isa = PBXFileReference; lastKnownFileType = wrapper.framework; name = IOSurface.framework; path = System/Library/Frameworks/IOSurface.framework; sourceTree = SDKROOT; };
		3C2DFC611C34A06A00E5DB9F /* base64.hpp */ = {isa = PBXFileReference; fileEncoding = 4; lastKnownFileType = sourcecode.cpp.h; path = base64.hpp; sourceTree = "<group>"; };
		3C2DFC621C34A06A00E5DB9F /* client.hpp */ = {isa = PBXFileReference; fileEncoding = 4; lastKnownFileType = sourcecode.cpp.h; path = client.hpp; sourceTree = "<group>"; };
		3C2DFC631C34A06A00E5DB9F /* close.hpp */ = {isa = PBXFileReference; fileEncoding = 4; lastKnownFileType = sourcecode.cpp.h; path = close.hpp; sourceTree = "<group>"; };
		3C2DFC641C34A06A00E5DB9F /* CMakeLists.txt */ = {isa = PBXFileReference; fileEncoding = 4; lastKnownFileType = text; path = CMakeLists.txt; sourceTree = "<group>"; };
		3C2DFC661C34A06A00E5DB9F /* asio.hpp */ = {isa = PBXFileReference; fileEncoding = 4; lastKnownFileType = sourcecode.cpp.h; path = asio.hpp; sourceTree = "<group>"; };
		3C2DFC671C34A06A00E5DB9F /* asio_ssl.hpp */ = {isa = PBXFileReference; fileEncoding = 4; lastKnownFileType = sourcecode.cpp.h; path = asio_ssl.hpp; sourceTree = "<group>"; };
		3C2DFC681C34A06A00E5DB9F /* chrono.hpp */ = {isa = PBXFileReference; fileEncoding = 4; lastKnownFileType = sourcecode.cpp.h; path = chrono.hpp; sourceTree = "<group>"; };
		3C2DFC691C34A06A00E5DB9F /* connection_hdl.hpp */ = {isa = PBXFileReference; fileEncoding = 4; lastKnownFileType = sourcecode.cpp.h; path = connection_hdl.hpp; sourceTree = "<group>"; };
		3C2DFC6A1C34A06A00E5DB9F /* cpp11.hpp */ = {isa = PBXFileReference; fileEncoding = 4; lastKnownFileType = sourcecode.cpp.h; path = cpp11.hpp; sourceTree = "<group>"; };
		3C2DFC6B1C34A06A00E5DB9F /* functional.hpp */ = {isa = PBXFileReference; fileEncoding = 4; lastKnownFileType = sourcecode.cpp.h; path = functional.hpp; sourceTree = "<group>"; };
		3C2DFC6C1C34A06A00E5DB9F /* md5.hpp */ = {isa = PBXFileReference; fileEncoding = 4; lastKnownFileType = sourcecode.cpp.h; path = md5.hpp; sourceTree = "<group>"; };
		3C2DFC6D1C34A06A00E5DB9F /* memory.hpp */ = {isa = PBXFileReference; fileEncoding = 4; lastKnownFileType = sourcecode.cpp.h; path = memory.hpp; sourceTree = "<group>"; };
		3C2DFC6E1C34A06A00E5DB9F /* network.hpp */ = {isa = PBXFileReference; fileEncoding = 4; lastKnownFileType = sourcecode.cpp.h; path = network.hpp; sourceTree = "<group>"; };
		3C2DFC6F1C34A06A00E5DB9F /* platforms.hpp */ = {isa = PBXFileReference; fileEncoding = 4; lastKnownFileType = sourcecode.cpp.h; path = platforms.hpp; sourceTree = "<group>"; };
		3C2DFC701C34A06A00E5DB9F /* random.hpp */ = {isa = PBXFileReference; fileEncoding = 4; lastKnownFileType = sourcecode.cpp.h; path = random.hpp; sourceTree = "<group>"; };
		3C2DFC711C34A06A00E5DB9F /* regex.hpp */ = {isa = PBXFileReference; fileEncoding = 4; lastKnownFileType = sourcecode.cpp.h; path = regex.hpp; sourceTree = "<group>"; };
		3C2DFC721C34A06A00E5DB9F /* stdint.hpp */ = {isa = PBXFileReference; fileEncoding = 4; lastKnownFileType = sourcecode.cpp.h; path = stdint.hpp; sourceTree = "<group>"; };
		3C2DFC731C34A06A00E5DB9F /* system_error.hpp */ = {isa = PBXFileReference; fileEncoding = 4; lastKnownFileType = sourcecode.cpp.h; path = system_error.hpp; sourceTree = "<group>"; };
		3C2DFC741C34A06A00E5DB9F /* thread.hpp */ = {isa = PBXFileReference; fileEncoding = 4; lastKnownFileType = sourcecode.cpp.h; path = thread.hpp; sourceTree = "<group>"; };
		3C2DFC751C34A06A00E5DB9F /* time.hpp */ = {isa = PBXFileReference; fileEncoding = 4; lastKnownFileType = sourcecode.cpp.h; path = time.hpp; sourceTree = "<group>"; };
		3C2DFC761C34A06A00E5DB9F /* type_traits.hpp */ = {isa = PBXFileReference; fileEncoding = 4; lastKnownFileType = sourcecode.cpp.h; path = type_traits.hpp; sourceTree = "<group>"; };
		3C2DFC781C34A06A00E5DB9F /* basic.hpp */ = {isa = PBXFileReference; fileEncoding = 4; lastKnownFileType = sourcecode.cpp.h; path = basic.hpp; sourceTree = "<group>"; };
		3C2DFC791C34A06A00E5DB9F /* none.hpp */ = {isa = PBXFileReference; fileEncoding = 4; lastKnownFileType = sourcecode.cpp.h; path = none.hpp; sourceTree = "<group>"; };
		3C2DFC7B1C34A06A00E5DB9F /* asio.hpp */ = {isa = PBXFileReference; fileEncoding = 4; lastKnownFileType = sourcecode.cpp.h; path = asio.hpp; sourceTree = "<group>"; };
		3C2DFC7C1C34A06A00E5DB9F /* asio_client.hpp */ = {isa = PBXFileReference; fileEncoding = 4; lastKnownFileType = sourcecode.cpp.h; path = asio_client.hpp; sourceTree = "<group>"; };
		3C2DFC7D1C34A06A00E5DB9F /* asio_no_tls.hpp */ = {isa = PBXFileReference; fileEncoding = 4; lastKnownFileType = sourcecode.cpp.h; path = asio_no_tls.hpp; sourceTree = "<group>"; };
		3C2DFC7E1C34A06A00E5DB9F /* asio_no_tls_client.hpp */ = {isa = PBXFileReference; fileEncoding = 4; lastKnownFileType = sourcecode.cpp.h; path = asio_no_tls_client.hpp; sourceTree = "<group>"; };
		3C2DFC7F1C34A06A00E5DB9F /* boost_config.hpp */ = {isa = PBXFileReference; fileEncoding = 4; lastKnownFileType = sourcecode.cpp.h; path = boost_config.hpp; sourceTree = "<group>"; };
		3C2DFC801C34A06A00E5DB9F /* core.hpp */ = {isa = PBXFileReference; fileEncoding = 4; lastKnownFileType = sourcecode.cpp.h; path = core.hpp; sourceTree = "<group>"; };
		3C2DFC811C34A06A00E5DB9F /* core_client.hpp */ = {isa = PBXFileReference; fileEncoding = 4; lastKnownFileType = sourcecode.cpp.h; path = core_client.hpp; sourceTree = "<group>"; };
		3C2DFC821C34A06A00E5DB9F /* debug.hpp */ = {isa = PBXFileReference; fileEncoding = 4; lastKnownFileType = sourcecode.cpp.h; path = debug.hpp; sourceTree = "<group>"; };
		3C2DFC831C34A06A00E5DB9F /* debug_asio.hpp */ = {isa = PBXFileReference; fileEncoding = 4; lastKnownFileType = sourcecode.cpp.h; path = debug_asio.hpp; sourceTree = "<group>"; };
		3C2DFC841C34A06A00E5DB9F /* debug_asio_no_tls.hpp */ = {isa = PBXFileReference; fileEncoding = 4; lastKnownFileType = sourcecode.cpp.h; path = debug_asio_no_tls.hpp; sourceTree = "<group>"; };
		3C2DFC851C34A06A00E5DB9F /* minimal_client.hpp */ = {isa = PBXFileReference; fileEncoding = 4; lastKnownFileType = sourcecode.cpp.h; path = minimal_client.hpp; sourceTree = "<group>"; };
		3C2DFC861C34A06A00E5DB9F /* minimal_server.hpp */ = {isa = PBXFileReference; fileEncoding = 4; lastKnownFileType = sourcecode.cpp.h; path = minimal_server.hpp; sourceTree = "<group>"; };
		3C2DFC871C34A06A00E5DB9F /* connection.hpp */ = {isa = PBXFileReference; fileEncoding = 4; lastKnownFileType = sourcecode.cpp.h; path = connection.hpp; sourceTree = "<group>"; };
		3C2DFC881C34A06A00E5DB9F /* connection_base.hpp */ = {isa = PBXFileReference; fileEncoding = 4; lastKnownFileType = sourcecode.cpp.h; path = connection_base.hpp; sourceTree = "<group>"; };
		3C2DFC891C34A06A00E5DB9F /* endpoint.hpp */ = {isa = PBXFileReference; fileEncoding = 4; lastKnownFileType = sourcecode.cpp.h; path = endpoint.hpp; sourceTree = "<group>"; };
		3C2DFC8A1C34A06A00E5DB9F /* endpoint_base.hpp */ = {isa = PBXFileReference; fileEncoding = 4; lastKnownFileType = sourcecode.cpp.h; path = endpoint_base.hpp; sourceTree = "<group>"; };
		3C2DFC8B1C34A06A00E5DB9F /* error.hpp */ = {isa = PBXFileReference; fileEncoding = 4; lastKnownFileType = sourcecode.cpp.h; path = error.hpp; sourceTree = "<group>"; };
		3C2DFC8D1C34A06A00E5DB9F /* extension.hpp */ = {isa = PBXFileReference; fileEncoding = 4; lastKnownFileType = sourcecode.cpp.h; path = extension.hpp; sourceTree = "<group>"; };
		3C2DFC8F1C34A06A00E5DB9F /* disabled.hpp */ = {isa = PBXFileReference; fileEncoding = 4; lastKnownFileType = sourcecode.cpp.h; path = disabled.hpp; sourceTree = "<group>"; };
		3C2DFC901C34A06A00E5DB9F /* enabled.hpp */ = {isa = PBXFileReference; fileEncoding = 4; lastKnownFileType = sourcecode.cpp.h; path = enabled.hpp; sourceTree = "<group>"; };
		3C2DFC911C34A06A00E5DB9F /* frame.hpp */ = {isa = PBXFileReference; fileEncoding = 4; lastKnownFileType = sourcecode.cpp.h; path = frame.hpp; sourceTree = "<group>"; };
		3C2DFC931C34A06A00E5DB9F /* constants.hpp */ = {isa = PBXFileReference; fileEncoding = 4; lastKnownFileType = sourcecode.cpp.h; path = constants.hpp; sourceTree = "<group>"; };
		3C2DFC951C34A06A00E5DB9F /* parser.hpp */ = {isa = PBXFileReference; fileEncoding = 4; lastKnownFileType = sourcecode.cpp.h; path = parser.hpp; sourceTree = "<group>"; };
		3C2DFC961C34A06A00E5DB9F /* request.hpp */ = {isa = PBXFileReference; fileEncoding = 4; lastKnownFileType = sourcecode.cpp.h; path = request.hpp; sourceTree = "<group>"; };
		3C2DFC971C34A06A00E5DB9F /* response.hpp */ = {isa = PBXFileReference; fileEncoding = 4; lastKnownFileType = sourcecode.cpp.h; path = response.hpp; sourceTree = "<group>"; };
		3C2DFC981C34A06A00E5DB9F /* parser.hpp */ = {isa = PBXFileReference; fileEncoding = 4; lastKnownFileType = sourcecode.cpp.h; path = parser.hpp; sourceTree = "<group>"; };
		3C2DFC991C34A06A00E5DB9F /* request.hpp */ = {isa = PBXFileReference; fileEncoding = 4; lastKnownFileType = sourcecode.cpp.h; path = request.hpp; sourceTree = "<group>"; };
		3C2DFC9A1C34A06A00E5DB9F /* response.hpp */ = {isa = PBXFileReference; fileEncoding = 4; lastKnownFileType = sourcecode.cpp.h; path = response.hpp; sourceTree = "<group>"; };
		3C2DFC9C1C34A06A00E5DB9F /* connection_impl.hpp */ = {isa = PBXFileReference; fileEncoding = 4; lastKnownFileType = sourcecode.cpp.h; path = connection_impl.hpp; sourceTree = "<group>"; };
		3C2DFC9D1C34A06A00E5DB9F /* endpoint_impl.hpp */ = {isa = PBXFileReference; fileEncoding = 4; lastKnownFileType = sourcecode.cpp.h; path = endpoint_impl.hpp; sourceTree = "<group>"; };
		3C2DFC9E1C34A06A00E5DB9F /* utilities_impl.hpp */ = {isa = PBXFileReference; fileEncoding = 4; lastKnownFileType = sourcecode.cpp.h; path = utilities_impl.hpp; sourceTree = "<group>"; };
		3C2DFCA01C34A06A00E5DB9F /* basic.hpp */ = {isa = PBXFileReference; fileEncoding = 4; lastKnownFileType = sourcecode.cpp.h; path = basic.hpp; sourceTree = "<group>"; };
		3C2DFCA11C34A06A00E5DB9F /* levels.hpp */ = {isa = PBXFileReference; fileEncoding = 4; lastKnownFileType = sourcecode.cpp.h; path = levels.hpp; sourceTree = "<group>"; };
		3C2DFCA21C34A06A00E5DB9F /* stub.hpp */ = {isa = PBXFileReference; fileEncoding = 4; lastKnownFileType = sourcecode.cpp.h; path = stub.hpp; sourceTree = "<group>"; };
		3C2DFCA31C34A06A00E5DB9F /* syslog.hpp */ = {isa = PBXFileReference; fileEncoding = 4; lastKnownFileType = sourcecode.cpp.h; path = syslog.hpp; sourceTree = "<group>"; };
		3C2DFCA51C34A06A00E5DB9F /* alloc.hpp */ = {isa = PBXFileReference; fileEncoding = 4; lastKnownFileType = sourcecode.cpp.h; path = alloc.hpp; sourceTree = "<group>"; };
		3C2DFCA61C34A06A00E5DB9F /* message.hpp */ = {isa = PBXFileReference; fileEncoding = 4; lastKnownFileType = sourcecode.cpp.h; path = message.hpp; sourceTree = "<group>"; };
		3C2DFCA71C34A06A00E5DB9F /* pool.hpp */ = {isa = PBXFileReference; fileEncoding = 4; lastKnownFileType = sourcecode.cpp.h; path = pool.hpp; sourceTree = "<group>"; };
		3C2DFCA91C34A06A00E5DB9F /* base.hpp */ = {isa = PBXFileReference; fileEncoding = 4; lastKnownFileType = sourcecode.cpp.h; path = base.hpp; sourceTree = "<group>"; };
		3C2DFCAA1C34A06A00E5DB9F /* hybi00.hpp */ = {isa = PBXFileReference; fileEncoding = 4; lastKnownFileType = sourcecode.cpp.h; path = hybi00.hpp; sourceTree = "<group>"; };
		3C2DFCAB1C34A06A00E5DB9F /* hybi07.hpp */ = {isa = PBXFileReference; fileEncoding = 4; lastKnownFileType = sourcecode.cpp.h; path = hybi07.hpp; sourceTree = "<group>"; };
		3C2DFCAC1C34A06A00E5DB9F /* hybi08.hpp */ = {isa = PBXFileReference; fileEncoding = 4; lastKnownFileType = sourcecode.cpp.h; path = hybi08.hpp; sourceTree = "<group>"; };
		3C2DFCAD1C34A06A00E5DB9F /* hybi13.hpp */ = {isa = PBXFileReference; fileEncoding = 4; lastKnownFileType = sourcecode.cpp.h; path = hybi13.hpp; sourceTree = "<group>"; };
		3C2DFCAE1C34A06A00E5DB9F /* processor.hpp */ = {isa = PBXFileReference; fileEncoding = 4; lastKnownFileType = sourcecode.cpp.h; path = processor.hpp; sourceTree = "<group>"; };
		3C2DFCB01C34A06A00E5DB9F /* none.hpp */ = {isa = PBXFileReference; fileEncoding = 4; lastKnownFileType = sourcecode.cpp.h; path = none.hpp; sourceTree = "<group>"; };
		3C2DFCB11C34A06A00E5DB9F /* random_device.hpp */ = {isa = PBXFileReference; fileEncoding = 4; lastKnownFileType = sourcecode.cpp.h; path = random_device.hpp; sourceTree = "<group>"; };
		3C2DFCB31C34A06A00E5DB9F /* client_endpoint.hpp */ = {isa = PBXFileReference; fileEncoding = 4; lastKnownFileType = sourcecode.cpp.h; path = client_endpoint.hpp; sourceTree = "<group>"; };
		3C2DFCB41C34A06A00E5DB9F /* server_endpoint.hpp */ = {isa = PBXFileReference; fileEncoding = 4; lastKnownFileType = sourcecode.cpp.h; path = server_endpoint.hpp; sourceTree = "<group>"; };
		3C2DFCB51C34A06A00E5DB9F /* server.hpp */ = {isa = PBXFileReference; fileEncoding = 4; lastKnownFileType = sourcecode.cpp.h; path = server.hpp; sourceTree = "<group>"; };
		3C2DFCB71C34A06A00E5DB9F /* sha1.hpp */ = {isa = PBXFileReference; fileEncoding = 4; lastKnownFileType = sourcecode.cpp.h; path = sha1.hpp; sourceTree = "<group>"; };
		3C2DFCBA1C34A06A00E5DB9F /* base.hpp */ = {isa = PBXFileReference; fileEncoding = 4; lastKnownFileType = sourcecode.cpp.h; path = base.hpp; sourceTree = "<group>"; };
		3C2DFCBB1C34A06A00E5DB9F /* connection.hpp */ = {isa = PBXFileReference; fileEncoding = 4; lastKnownFileType = sourcecode.cpp.h; path = connection.hpp; sourceTree = "<group>"; };
		3C2DFCBC1C34A06A00E5DB9F /* endpoint.hpp */ = {isa = PBXFileReference; fileEncoding = 4; lastKnownFileType = sourcecode.cpp.h; path = endpoint.hpp; sourceTree = "<group>"; };
		3C2DFCBE1C34A06A00E5DB9F /* base.hpp */ = {isa = PBXFileReference; fileEncoding = 4; lastKnownFileType = sourcecode.cpp.h; path = base.hpp; sourceTree = "<group>"; };
		3C2DFCBF1C34A06A00E5DB9F /* none.hpp */ = {isa = PBXFileReference; fileEncoding = 4; lastKnownFileType = sourcecode.cpp.h; path = none.hpp; sourceTree = "<group>"; };
		3C2DFCC01C34A06A00E5DB9F /* tls.hpp */ = {isa = PBXFileReference; fileEncoding = 4; lastKnownFileType = sourcecode.cpp.h; path = tls.hpp; sourceTree = "<group>"; };
		3C2DFCC21C34A06A00E5DB9F /* connection.hpp */ = {isa = PBXFileReference; fileEncoding = 4; lastKnownFileType = sourcecode.cpp.h; path = connection.hpp; sourceTree = "<group>"; };
		3C2DFCC31C34A06A00E5DB9F /* endpoint.hpp */ = {isa = PBXFileReference; fileEncoding = 4; lastKnownFileType = sourcecode.cpp.h; path = endpoint.hpp; sourceTree = "<group>"; };
		3C2DFCC51C34A06A00E5DB9F /* base.hpp */ = {isa = PBXFileReference; fileEncoding = 4; lastKnownFileType = sourcecode.cpp.h; path = base.hpp; sourceTree = "<group>"; };
		3C2DFCC61C34A06A00E5DB9F /* connection.hpp */ = {isa = PBXFileReference; fileEncoding = 4; lastKnownFileType = sourcecode.cpp.h; path = connection.hpp; sourceTree = "<group>"; };
		3C2DFCC71C34A06A00E5DB9F /* endpoint.hpp */ = {isa = PBXFileReference; fileEncoding = 4; lastKnownFileType = sourcecode.cpp.h; path = endpoint.hpp; sourceTree = "<group>"; };
		3C2DFCC91C34A06A00E5DB9F /* base.hpp */ = {isa = PBXFileReference; fileEncoding = 4; lastKnownFileType = sourcecode.cpp.h; path = base.hpp; sourceTree = "<group>"; };
		3C2DFCCA1C34A06A00E5DB9F /* connection.hpp */ = {isa = PBXFileReference; fileEncoding = 4; lastKnownFileType = sourcecode.cpp.h; path = connection.hpp; sourceTree = "<group>"; };
		3C2DFCCB1C34A06A00E5DB9F /* endpoint.hpp */ = {isa = PBXFileReference; fileEncoding = 4; lastKnownFileType = sourcecode.cpp.h; path = endpoint.hpp; sourceTree = "<group>"; };
		3C2DFCCC1C34A06A00E5DB9F /* uri.hpp */ = {isa = PBXFileReference; fileEncoding = 4; lastKnownFileType = sourcecode.cpp.h; path = uri.hpp; sourceTree = "<group>"; };
		3C2DFCCD1C34A06A00E5DB9F /* utf8_validator.hpp */ = {isa = PBXFileReference; fileEncoding = 4; lastKnownFileType = sourcecode.cpp.h; path = utf8_validator.hpp; sourceTree = "<group>"; };
		3C2DFCCE1C34A06A00E5DB9F /* utilities.hpp */ = {isa = PBXFileReference; fileEncoding = 4; lastKnownFileType = sourcecode.cpp.h; path = utilities.hpp; sourceTree = "<group>"; };
		3C2DFCCF1C34A06A00E5DB9F /* version.hpp */ = {isa = PBXFileReference; fileEncoding = 4; lastKnownFileType = sourcecode.cpp.h; path = version.hpp; sourceTree = "<group>"; };
		3C2DFCD01C34A06A00E5DB9F /* WebSocketClient.cpp */ = {isa = PBXFileReference; fileEncoding = 4; lastKnownFileType = sourcecode.cpp.cpp; path = WebSocketClient.cpp; sourceTree = "<group>"; };
		3C2DFCD11C34A06A00E5DB9F /* WebSocketClient.h */ = {isa = PBXFileReference; fileEncoding = 4; lastKnownFileType = sourcecode.c.h; path = WebSocketClient.h; sourceTree = "<group>"; };
		3C2DFCD21C34A06A00E5DB9F /* WebSocketConnection.cpp */ = {isa = PBXFileReference; fileEncoding = 4; lastKnownFileType = sourcecode.cpp.cpp; path = WebSocketConnection.cpp; sourceTree = "<group>"; };
		3C2DFCD31C34A06A00E5DB9F /* WebSocketConnection.h */ = {isa = PBXFileReference; fileEncoding = 4; lastKnownFileType = sourcecode.c.h; path = WebSocketConnection.h; sourceTree = "<group>"; };
		3C2DFCD41C34A06A00E5DB9F /* WebSocketServer.cpp */ = {isa = PBXFileReference; fileEncoding = 4; lastKnownFileType = sourcecode.cpp.cpp; path = WebSocketServer.cpp; sourceTree = "<group>"; };
		3C2DFCD51C34A06A00E5DB9F /* WebSocketServer.h */ = {isa = PBXFileReference; fileEncoding = 4; lastKnownFileType = sourcecode.c.h; path = WebSocketServer.h; sourceTree = "<group>"; };
		5323E6B10EAFCA74003A9687 /* CoreVideo.framework */ = {isa = PBXFileReference; lastKnownFileType = wrapper.framework; name = CoreVideo.framework; path = /System/Library/Frameworks/CoreVideo.framework; sourceTree = "<absolute>"; };
		5323E6B50EAFCA7E003A9687 /* QTKit.framework */ = {isa = PBXFileReference; lastKnownFileType = wrapper.framework; name = QTKit.framework; path = /System/Library/Frameworks/QTKit.framework; sourceTree = "<absolute>"; };
		59B94F9592DF4598BB6FD613 /* WebUISample_Prefix.pch */ = {isa = PBXFileReference; lastKnownFileType = "\"\""; path = WebUISample_Prefix.pch; sourceTree = "<group>"; };
		8D1107320486CEB800E47090 /* WebUISample.app */ = {isa = PBXFileReference; explicitFileType = wrapper.application; includeInIndex = 0; path = WebUISample.app; sourceTree = BUILT_PRODUCTS_DIR; };
		A2D1B6E0D0694F3F85AB82DD /* WebUISampleApp.cpp */ = {isa = PBXFileReference; lastKnownFileType = sourcecode.c.cpp; name = WebUISampleApp.cpp; path = ../src/WebUISampleApp.cpp; sourceTree = "<group>"; };
		B7589CB967D04D999CAA2F23 /* CinderApp.icns */ = {isa = PBXFileReference; lastKnownFileType = image.icns; name = CinderApp.icns; path = ../resources/CinderApp.icns; sourceTree = "<group>"; };
/* End PBXFileReference section */

/* Begin PBXFrameworksBuildPhase section */
		8D11072E0486CEB800E47090 /* Frameworks */ = {
			isa = PBXFrameworksBuildPhase;
			buildActionMask = 2147483647;
			files = (
				3C2DFC5E1C348BC800E5DB9F /* IOSurface.framework in Frameworks */,
				006D720419952D00008149E2 /* AVFoundation.framework in Frameworks */,
				006D720519952D00008149E2 /* CoreMedia.framework in Frameworks */,
				8D11072F0486CEB800E47090 /* Cocoa.framework in Frameworks */,
				0091D8F90E81B9330029341E /* OpenGL.framework in Frameworks */,
				3C2DFC5D1C348BC800E5DB9F /* IOKit.framework in Frameworks */,
				5323E6B20EAFCA74003A9687 /* CoreVideo.framework in Frameworks */,
				5323E6B60EAFCA7E003A9687 /* QTKit.framework in Frameworks */,
				00B784B30FF439BC000DE1D7 /* Accelerate.framework in Frameworks */,
				00B784B40FF439BC000DE1D7 /* AudioToolbox.framework in Frameworks */,
				00B784B50FF439BC000DE1D7 /* AudioUnit.framework in Frameworks */,
				00B784B60FF439BC000DE1D7 /* CoreAudio.framework in Frameworks */,
			);
			runOnlyForDeploymentPostprocessing = 0;
		};
/* End PBXFrameworksBuildPhase section */

/* Begin PBXGroup section */
		01B97315FEAEA392516A2CEA /* Blocks */ = {
			isa = PBXGroup;
			children = (
				3C1C7DE71ACA181100F41619 /* WebUI */,
				3C1C7D6E1AC9FED800F41619 /* WebSocketPP */,
			);
			name = Blocks;
			sourceTree = "<group>";
		};
		080E96DDFE201D6D7F000001 /* Source */ = {
			isa = PBXGroup;
			children = (
				A2D1B6E0D0694F3F85AB82DD /* WebUISampleApp.cpp */,
			);
			name = Source;
			sourceTree = "<group>";
		};
		1058C7A0FEA54F0111CA2CBB /* Linked Frameworks */ = {
			isa = PBXGroup;
			children = (
				3C2DFC5B1C348BC800E5DB9F /* IOKit.framework */,
				3C2DFC5C1C348BC800E5DB9F /* IOSurface.framework */,
				006D720219952D00008149E2 /* AVFoundation.framework */,
				006D720319952D00008149E2 /* CoreMedia.framework */,
				00B784AF0FF439BC000DE1D7 /* Accelerate.framework */,
				00B784B00FF439BC000DE1D7 /* AudioToolbox.framework */,
				00B784B10FF439BC000DE1D7 /* AudioUnit.framework */,
				00B784B20FF439BC000DE1D7 /* CoreAudio.framework */,
				5323E6B50EAFCA7E003A9687 /* QTKit.framework */,
				5323E6B10EAFCA74003A9687 /* CoreVideo.framework */,
				0091D8F80E81B9330029341E /* OpenGL.framework */,
				1058C7A1FEA54F0111CA2CBB /* Cocoa.framework */,
			);
			name = "Linked Frameworks";
			sourceTree = "<group>";
		};
		1058C7A2FEA54F0111CA2CBB /* Other Frameworks */ = {
			isa = PBXGroup;
			children = (
				29B97324FDCFA39411CA2CEA /* AppKit.framework */,
				29B97325FDCFA39411CA2CEA /* Foundation.framework */,
			);
			name = "Other Frameworks";
			sourceTree = "<group>";
		};
		19C28FACFE9D520D11CA2CBB /* Products */ = {
			isa = PBXGroup;
			children = (
				8D1107320486CEB800E47090 /* WebUISample.app */,
			);
			name = Products;
			sourceTree = "<group>";
		};
		29B97314FDCFA39411CA2CEA /* WebUISample */ = {
			isa = PBXGroup;
			children = (
				01B97315FEAEA392516A2CEA /* Blocks */,
				29B97315FDCFA39411CA2CEA /* Headers */,
				080E96DDFE201D6D7F000001 /* Source */,
				29B97317FDCFA39411CA2CEA /* Resources */,
				29B97323FDCFA39411CA2CEA /* Frameworks */,
				19C28FACFE9D520D11CA2CBB /* Products */,
			);
			name = WebUISample;
			sourceTree = "<group>";
		};
		29B97315FDCFA39411CA2CEA /* Headers */ = {
			isa = PBXGroup;
			children = (
				28EB31F4D7614B2D9635B14D /* Resources.h */,
				59B94F9592DF4598BB6FD613 /* WebUISample_Prefix.pch */,
			);
			name = Headers;
			sourceTree = "<group>";
		};
		29B97317FDCFA39411CA2CEA /* Resources */ = {
			isa = PBXGroup;
			children = (
				B7589CB967D04D999CAA2F23 /* CinderApp.icns */,
				30F70D5AECE745F5BBFE629E /* Info.plist */,
			);
			name = Resources;
			sourceTree = "<group>";
		};
		29B97323FDCFA39411CA2CEA /* Frameworks */ = {
			isa = PBXGroup;
			children = (
				1058C7A0FEA54F0111CA2CBB /* Linked Frameworks */,
				1058C7A2FEA54F0111CA2CBB /* Other Frameworks */,
			);
			name = Frameworks;
			sourceTree = "<group>";
		};
		3C1C7D6E1AC9FED800F41619 /* WebSocketPP */ = {
			isa = PBXGroup;
			children = (
				3C2DFC5F1C34A06A00E5DB9F /* websocketpp */,
				3C2DFCD01C34A06A00E5DB9F /* WebSocketClient.cpp */,
				3C2DFCD11C34A06A00E5DB9F /* WebSocketClient.h */,
				3C2DFCD21C34A06A00E5DB9F /* WebSocketConnection.cpp */,
				3C2DFCD31C34A06A00E5DB9F /* WebSocketConnection.h */,
				3C2DFCD41C34A06A00E5DB9F /* WebSocketServer.cpp */,
				3C2DFCD51C34A06A00E5DB9F /* WebSocketServer.h */,
			);
			name = WebSocketPP;
			path = ../../../blocks/WebSocketPP/src;
			sourceTree = "<group>";
		};
		3C1C7DE71ACA181100F41619 /* WebUI */ = {
			isa = PBXGroup;
			children = (
				3C1C7DEC1ACA187500F41619 /* include */,
				3C1C7DED1ACA187500F41619 /* src */,
			);
			name = WebUI;
			sourceTree = "<group>";
		};
		3C1C7DEC1ACA187500F41619 /* include */ = {
			isa = PBXGroup;
			children = (
				3C1C7DEE1ACA189900F41619 /* WebUI.h */,
			);
			name = include;
			path = ../../../include;
			sourceTree = "<group>";
		};
		3C1C7DED1ACA187500F41619 /* src */ = {
			isa = PBXGroup;
			children = (
				3C1C7DEF1ACA18A600F41619 /* WebUI.cpp */,
			);
			name = src;
			path = ../../../src;
			sourceTree = "<group>";
		};
		3C2DFC5F1C34A06A00E5DB9F /* websocketpp */ = {
			isa = PBXGroup;
			children = (
				3C2DFC601C34A06A00E5DB9F /* base64 */,
				3C2DFC621C34A06A00E5DB9F /* client.hpp */,
				3C2DFC631C34A06A00E5DB9F /* close.hpp */,
				3C2DFC641C34A06A00E5DB9F /* CMakeLists.txt */,
				3C2DFC651C34A06A00E5DB9F /* common */,
				3C2DFC771C34A06A00E5DB9F /* concurrency */,
				3C2DFC7A1C34A06A00E5DB9F /* config */,
				3C2DFC871C34A06A00E5DB9F /* connection.hpp */,
				3C2DFC881C34A06A00E5DB9F /* connection_base.hpp */,
				3C2DFC891C34A06A00E5DB9F /* endpoint.hpp */,
				3C2DFC8A1C34A06A00E5DB9F /* endpoint_base.hpp */,
				3C2DFC8B1C34A06A00E5DB9F /* error.hpp */,
				3C2DFC8C1C34A06A00E5DB9F /* extensions */,
				3C2DFC911C34A06A00E5DB9F /* frame.hpp */,
				3C2DFC921C34A06A00E5DB9F /* http */,
				3C2DFC9B1C34A06A00E5DB9F /* impl */,
				3C2DFC9F1C34A06A00E5DB9F /* logger */,
				3C2DFCA41C34A06A00E5DB9F /* message_buffer */,
				3C2DFCA81C34A06A00E5DB9F /* processors */,
				3C2DFCAF1C34A06A00E5DB9F /* random */,
				3C2DFCB21C34A06A00E5DB9F /* roles */,
				3C2DFCB51C34A06A00E5DB9F /* server.hpp */,
				3C2DFCB61C34A06A00E5DB9F /* sha1 */,
				3C2DFCB81C34A06A00E5DB9F /* transport */,
				3C2DFCCC1C34A06A00E5DB9F /* uri.hpp */,
				3C2DFCCD1C34A06A00E5DB9F /* utf8_validator.hpp */,
				3C2DFCCE1C34A06A00E5DB9F /* utilities.hpp */,
				3C2DFCCF1C34A06A00E5DB9F /* version.hpp */,
			);
			path = websocketpp;
			sourceTree = "<group>";
		};
		3C2DFC601C34A06A00E5DB9F /* base64 */ = {
			isa = PBXGroup;
			children = (
				3C2DFC611C34A06A00E5DB9F /* base64.hpp */,
			);
			path = base64;
			sourceTree = "<group>";
		};
		3C2DFC651C34A06A00E5DB9F /* common */ = {
			isa = PBXGroup;
			children = (
				3C2DFC661C34A06A00E5DB9F /* asio.hpp */,
				3C2DFC671C34A06A00E5DB9F /* asio_ssl.hpp */,
				3C2DFC681C34A06A00E5DB9F /* chrono.hpp */,
				3C2DFC691C34A06A00E5DB9F /* connection_hdl.hpp */,
				3C2DFC6A1C34A06A00E5DB9F /* cpp11.hpp */,
				3C2DFC6B1C34A06A00E5DB9F /* functional.hpp */,
				3C2DFC6C1C34A06A00E5DB9F /* md5.hpp */,
				3C2DFC6D1C34A06A00E5DB9F /* memory.hpp */,
				3C2DFC6E1C34A06A00E5DB9F /* network.hpp */,
				3C2DFC6F1C34A06A00E5DB9F /* platforms.hpp */,
				3C2DFC701C34A06A00E5DB9F /* random.hpp */,
				3C2DFC711C34A06A00E5DB9F /* regex.hpp */,
				3C2DFC721C34A06A00E5DB9F /* stdint.hpp */,
				3C2DFC731C34A06A00E5DB9F /* system_error.hpp */,
				3C2DFC741C34A06A00E5DB9F /* thread.hpp */,
				3C2DFC751C34A06A00E5DB9F /* time.hpp */,
				3C2DFC761C34A06A00E5DB9F /* type_traits.hpp */,
			);
			path = common;
			sourceTree = "<group>";
		};
		3C2DFC771C34A06A00E5DB9F /* concurrency */ = {
			isa = PBXGroup;
			children = (
				3C2DFC781C34A06A00E5DB9F /* basic.hpp */,
				3C2DFC791C34A06A00E5DB9F /* none.hpp */,
			);
			path = concurrency;
			sourceTree = "<group>";
		};
		3C2DFC7A1C34A06A00E5DB9F /* config */ = {
			isa = PBXGroup;
			children = (
				3C2DFC7B1C34A06A00E5DB9F /* asio.hpp */,
				3C2DFC7C1C34A06A00E5DB9F /* asio_client.hpp */,
				3C2DFC7D1C34A06A00E5DB9F /* asio_no_tls.hpp */,
				3C2DFC7E1C34A06A00E5DB9F /* asio_no_tls_client.hpp */,
				3C2DFC7F1C34A06A00E5DB9F /* boost_config.hpp */,
				3C2DFC801C34A06A00E5DB9F /* core.hpp */,
				3C2DFC811C34A06A00E5DB9F /* core_client.hpp */,
				3C2DFC821C34A06A00E5DB9F /* debug.hpp */,
				3C2DFC831C34A06A00E5DB9F /* debug_asio.hpp */,
				3C2DFC841C34A06A00E5DB9F /* debug_asio_no_tls.hpp */,
				3C2DFC851C34A06A00E5DB9F /* minimal_client.hpp */,
				3C2DFC861C34A06A00E5DB9F /* minimal_server.hpp */,
			);
			path = config;
			sourceTree = "<group>";
		};
		3C2DFC8C1C34A06A00E5DB9F /* extensions */ = {
			isa = PBXGroup;
			children = (
				3C2DFC8D1C34A06A00E5DB9F /* extension.hpp */,
				3C2DFC8E1C34A06A00E5DB9F /* permessage_deflate */,
			);
			path = extensions;
			sourceTree = "<group>";
		};
		3C2DFC8E1C34A06A00E5DB9F /* permessage_deflate */ = {
			isa = PBXGroup;
			children = (
				3C2DFC8F1C34A06A00E5DB9F /* disabled.hpp */,
				3C2DFC901C34A06A00E5DB9F /* enabled.hpp */,
			);
			path = permessage_deflate;
			sourceTree = "<group>";
		};
		3C2DFC921C34A06A00E5DB9F /* http */ = {
			isa = PBXGroup;
			children = (
				3C2DFC931C34A06A00E5DB9F /* constants.hpp */,
				3C2DFC941C34A06A00E5DB9F /* impl */,
				3C2DFC981C34A06A00E5DB9F /* parser.hpp */,
				3C2DFC991C34A06A00E5DB9F /* request.hpp */,
				3C2DFC9A1C34A06A00E5DB9F /* response.hpp */,
			);
			path = http;
			sourceTree = "<group>";
		};
		3C2DFC941C34A06A00E5DB9F /* impl */ = {
			isa = PBXGroup;
			children = (
				3C2DFC951C34A06A00E5DB9F /* parser.hpp */,
				3C2DFC961C34A06A00E5DB9F /* request.hpp */,
				3C2DFC971C34A06A00E5DB9F /* response.hpp */,
			);
			path = impl;
			sourceTree = "<group>";
		};
		3C2DFC9B1C34A06A00E5DB9F /* impl */ = {
			isa = PBXGroup;
			children = (
				3C2DFC9C1C34A06A00E5DB9F /* connection_impl.hpp */,
				3C2DFC9D1C34A06A00E5DB9F /* endpoint_impl.hpp */,
				3C2DFC9E1C34A06A00E5DB9F /* utilities_impl.hpp */,
			);
			path = impl;
			sourceTree = "<group>";
		};
		3C2DFC9F1C34A06A00E5DB9F /* logger */ = {
			isa = PBXGroup;
			children = (
				3C2DFCA01C34A06A00E5DB9F /* basic.hpp */,
				3C2DFCA11C34A06A00E5DB9F /* levels.hpp */,
				3C2DFCA21C34A06A00E5DB9F /* stub.hpp */,
				3C2DFCA31C34A06A00E5DB9F /* syslog.hpp */,
			);
			path = logger;
			sourceTree = "<group>";
		};
		3C2DFCA41C34A06A00E5DB9F /* message_buffer */ = {
			isa = PBXGroup;
			children = (
				3C2DFCA51C34A06A00E5DB9F /* alloc.hpp */,
				3C2DFCA61C34A06A00E5DB9F /* message.hpp */,
				3C2DFCA71C34A06A00E5DB9F /* pool.hpp */,
			);
			path = message_buffer;
			sourceTree = "<group>";
		};
		3C2DFCA81C34A06A00E5DB9F /* processors */ = {
			isa = PBXGroup;
			children = (
				3C2DFCA91C34A06A00E5DB9F /* base.hpp */,
				3C2DFCAA1C34A06A00E5DB9F /* hybi00.hpp */,
				3C2DFCAB1C34A06A00E5DB9F /* hybi07.hpp */,
				3C2DFCAC1C34A06A00E5DB9F /* hybi08.hpp */,
				3C2DFCAD1C34A06A00E5DB9F /* hybi13.hpp */,
				3C2DFCAE1C34A06A00E5DB9F /* processor.hpp */,
			);
			path = processors;
			sourceTree = "<group>";
		};
		3C2DFCAF1C34A06A00E5DB9F /* random */ = {
			isa = PBXGroup;
			children = (
				3C2DFCB01C34A06A00E5DB9F /* none.hpp */,
				3C2DFCB11C34A06A00E5DB9F /* random_device.hpp */,
			);
			path = random;
			sourceTree = "<group>";
		};
		3C2DFCB21C34A06A00E5DB9F /* roles */ = {
			isa = PBXGroup;
			children = (
				3C2DFCB31C34A06A00E5DB9F /* client_endpoint.hpp */,
				3C2DFCB41C34A06A00E5DB9F /* server_endpoint.hpp */,
			);
			path = roles;
			sourceTree = "<group>";
		};
		3C2DFCB61C34A06A00E5DB9F /* sha1 */ = {
			isa = PBXGroup;
			children = (
				3C2DFCB71C34A06A00E5DB9F /* sha1.hpp */,
			);
			path = sha1;
			sourceTree = "<group>";
		};
		3C2DFCB81C34A06A00E5DB9F /* transport */ = {
			isa = PBXGroup;
			children = (
				3C2DFCB91C34A06A00E5DB9F /* asio */,
				3C2DFCC11C34A06A00E5DB9F /* base */,
				3C2DFCC41C34A06A00E5DB9F /* iostream */,
				3C2DFCC81C34A06A00E5DB9F /* stub */,
			);
			path = transport;
			sourceTree = "<group>";
		};
		3C2DFCB91C34A06A00E5DB9F /* asio */ = {
			isa = PBXGroup;
			children = (
				3C2DFCBA1C34A06A00E5DB9F /* base.hpp */,
				3C2DFCBB1C34A06A00E5DB9F /* connection.hpp */,
				3C2DFCBC1C34A06A00E5DB9F /* endpoint.hpp */,
				3C2DFCBD1C34A06A00E5DB9F /* security */,
			);
			path = asio;
			sourceTree = "<group>";
		};
		3C2DFCBD1C34A06A00E5DB9F /* security */ = {
			isa = PBXGroup;
			children = (
				3C2DFCBE1C34A06A00E5DB9F /* base.hpp */,
				3C2DFCBF1C34A06A00E5DB9F /* none.hpp */,
				3C2DFCC01C34A06A00E5DB9F /* tls.hpp */,
			);
			path = security;
			sourceTree = "<group>";
		};
		3C2DFCC11C34A06A00E5DB9F /* base */ = {
			isa = PBXGroup;
			children = (
				3C2DFCC21C34A06A00E5DB9F /* connection.hpp */,
				3C2DFCC31C34A06A00E5DB9F /* endpoint.hpp */,
			);
			path = base;
			sourceTree = "<group>";
		};
		3C2DFCC41C34A06A00E5DB9F /* iostream */ = {
			isa = PBXGroup;
			children = (
				3C2DFCC51C34A06A00E5DB9F /* base.hpp */,
				3C2DFCC61C34A06A00E5DB9F /* connection.hpp */,
				3C2DFCC71C34A06A00E5DB9F /* endpoint.hpp */,
			);
			path = iostream;
			sourceTree = "<group>";
		};
		3C2DFCC81C34A06A00E5DB9F /* stub */ = {
			isa = PBXGroup;
			children = (
				3C2DFCC91C34A06A00E5DB9F /* base.hpp */,
				3C2DFCCA1C34A06A00E5DB9F /* connection.hpp */,
				3C2DFCCB1C34A06A00E5DB9F /* endpoint.hpp */,
			);
			path = stub;
			sourceTree = "<group>";
		};
/* End PBXGroup section */

/* Begin PBXNativeTarget section */
		8D1107260486CEB800E47090 /* WebUISample */ = {
			isa = PBXNativeTarget;
			buildConfigurationList = C01FCF4A08A954540054247B /* Build configuration list for PBXNativeTarget "WebUISample" */;
			buildPhases = (
				8D1107290486CEB800E47090 /* Resources */,
				8D11072C0486CEB800E47090 /* Sources */,
				8D11072E0486CEB800E47090 /* Frameworks */,
			);
			buildRules = (
			);
			dependencies = (
			);
			name = WebUISample;
			productInstallPath = "$(HOME)/Applications";
			productName = WebUISample;
			productReference = 8D1107320486CEB800E47090 /* WebUISample.app */;
			productType = "com.apple.product-type.application";
		};
/* End PBXNativeTarget section */

/* Begin PBXProject section */
		29B97313FDCFA39411CA2CEA /* Project object */ = {
			isa = PBXProject;
			attributes = {
				LastUpgradeCheck = 0720;
			};
			buildConfigurationList = C01FCF4E08A954540054247B /* Build configuration list for PBXProject "WebUISample" */;
			compatibilityVersion = "Xcode 3.2";
			developmentRegion = English;
			hasScannedForEncodings = 1;
			knownRegions = (
				English,
				Japanese,
				French,
				German,
			);
			mainGroup = 29B97314FDCFA39411CA2CEA /* WebUISample */;
			projectDirPath = "";
			projectRoot = "";
			targets = (
				8D1107260486CEB800E47090 /* WebUISample */,
			);
		};
/* End PBXProject section */

/* Begin PBXResourcesBuildPhase section */
		8D1107290486CEB800E47090 /* Resources */ = {
			isa = PBXResourcesBuildPhase;
			buildActionMask = 2147483647;
			files = (
				3C2DFCD61C34A06A00E5DB9F /* CMakeLists.txt in Resources */,
				A0D861E4720F4834841E98D0 /* CinderApp.icns in Resources */,
			);
			runOnlyForDeploymentPostprocessing = 0;
		};
/* End PBXResourcesBuildPhase section */

/* Begin PBXSourcesBuildPhase section */
		8D11072C0486CEB800E47090 /* Sources */ = {
			isa = PBXSourcesBuildPhase;
			buildActionMask = 2147483647;
			files = (
				3C1C7DF01ACA18A600F41619 /* WebUI.cpp in Sources */,
				5D822F9D22024DECB746BB88 /* WebUISampleApp.cpp in Sources */,
				3C2DFCD91C34A06A00E5DB9F /* WebSocketServer.cpp in Sources */,
				3C2DFCD71C34A06A00E5DB9F /* WebSocketClient.cpp in Sources */,
				3C2DFCD81C34A06A00E5DB9F /* WebSocketConnection.cpp in Sources */,
			);
			runOnlyForDeploymentPostprocessing = 0;
		};
/* End PBXSourcesBuildPhase section */

/* Begin XCBuildConfiguration section */
		C01FCF4B08A954540054247B /* Debug */ = {
			isa = XCBuildConfiguration;
			buildSettings = {
				BLOCKS_PATH = ../../../blocks;
				CINDER_PATH = ../../../../..;
				COMBINE_HIDPI_IMAGES = YES;
				COPY_PHASE_STRIP = NO;
				DEAD_CODE_STRIPPING = YES;
				GCC_DYNAMIC_NO_PIC = NO;
				GCC_INLINES_ARE_PRIVATE_EXTERN = YES;
				GCC_OPTIMIZATION_LEVEL = 0;
				GCC_PRECOMPILE_PREFIX_HEADER = YES;
				GCC_PREFIX_HEADER = WebUISample_Prefix.pch;
				GCC_PREPROCESSOR_DEFINITIONS = (
					"DEBUG=1",
					"$(inherited)",
				);
				GCC_SYMBOLS_PRIVATE_EXTERN = NO;
				HEADER_SEARCH_PATHS = (
					"\"$(CINDER_PATH)/include\"",
					"\"$(CINDER_PATH)/include/asio\"",
					"\"$(BLOCKS_PATH)/WebSocketPP/src\"",
				);
				INFOPLIST_FILE = Info.plist;
				INSTALL_PATH = "$(HOME)/Applications";
				LIBRARY_SEARCH_PATHS = "";
				OTHER_LDFLAGS = "\"$(CINDER_PATH)/lib/libcinder_d.a\"";
				PRODUCT_BUNDLE_IDENTIFIER = "org.libcinder.${PRODUCT_NAME:rfc1034identifier}";
				PRODUCT_NAME = WebUISample;
				SYMROOT = ./build;
				USER_HEADER_SEARCH_PATHS = "../include \"$(CINDER_PATH)/include\"";
				VALID_ARCHS = x86_64;
				WRAPPER_EXTENSION = app;
			};
			name = Debug;
		};
		C01FCF4C08A954540054247B /* Release */ = {
			isa = XCBuildConfiguration;
			buildSettings = {
				BLOCKS_PATH = ../../../blocks;
				CINDER_PATH = ../../../../..;
				COMBINE_HIDPI_IMAGES = YES;
				DEAD_CODE_STRIPPING = YES;
				DEBUG_INFORMATION_FORMAT = "dwarf-with-dsym";
				GCC_FAST_MATH = YES;
				GCC_GENERATE_DEBUGGING_SYMBOLS = NO;
				GCC_INLINES_ARE_PRIVATE_EXTERN = YES;
				GCC_OPTIMIZATION_LEVEL = 3;
				GCC_PRECOMPILE_PREFIX_HEADER = YES;
				GCC_PREFIX_HEADER = WebUISample_Prefix.pch;
				GCC_PREPROCESSOR_DEFINITIONS = (
					"NDEBUG=1",
					"$(inherited)",
				);
				GCC_SYMBOLS_PRIVATE_EXTERN = NO;
				HEADER_SEARCH_PATHS = (
					"\"$(CINDER_PATH)/include\"",
					"\"$(CINDER_PATH)/include/asio\"",
					"\"$(BLOCKS_PATH)/WebSocketPP/src\"",
				);
				INFOPLIST_FILE = Info.plist;
				INSTALL_PATH = "$(HOME)/Applications";
				LIBRARY_SEARCH_PATHS = "";
				OTHER_LDFLAGS = "\"$(CINDER_PATH)/lib/libcinder.a\"";
				PRODUCT_BUNDLE_IDENTIFIER = "org.libcinder.${PRODUCT_NAME:rfc1034identifier}";
				PRODUCT_NAME = WebUISample;
				STRIP_INSTALLED_PRODUCT = YES;
				SYMROOT = ./build;
				USER_HEADER_SEARCH_PATHS = "../include \"$(CINDER_PATH)/include\"";
				VALID_ARCHS = x86_64;
				WRAPPER_EXTENSION = app;
			};
			name = Release;
		};
		C01FCF4F08A954540054247B /* Debug */ = {
			isa = XCBuildConfiguration;
			buildSettings = {
				ALWAYS_SEARCH_USER_PATHS = NO;
				CINDER_PATH = ../../../Cinder;
				CLANG_CXX_LANGUAGE_STANDARD = "c++0x";
				CLANG_CXX_LIBRARY = "libc++";
				ENABLE_TESTABILITY = YES;
				GCC_WARN_ABOUT_RETURN_TYPE = YES;
				GCC_WARN_UNUSED_VARIABLE = YES;
				HEADER_SEARCH_PATHS = "\"$(CINDER_PATH)/boost\"";
				MACOSX_DEPLOYMENT_TARGET = 10.8;
				ONLY_ACTIVE_ARCH = YES;
				SDKROOT = macosx;
				USER_HEADER_SEARCH_PATHS = "\"$(CINDER_PATH)/include\" ../include";
			};
			name = Debug;
		};
		C01FCF5008A954540054247B /* Release */ = {
			isa = XCBuildConfiguration;
			buildSettings = {
				ALWAYS_SEARCH_USER_PATHS = NO;
				CINDER_PATH = ../../../Cinder;
				CLANG_CXX_LANGUAGE_STANDARD = "c++0x";
				CLANG_CXX_LIBRARY = "libc++";
				GCC_WARN_ABOUT_RETURN_TYPE = YES;
				GCC_WARN_UNUSED_VARIABLE = YES;
				HEADER_SEARCH_PATHS = "\"$(CINDER_PATH)/boost\"";
				MACOSX_DEPLOYMENT_TARGET = 10.8;
				SDKROOT = macosx;
				USER_HEADER_SEARCH_PATHS = "\"$(CINDER_PATH)/include\" ../include";
			};
			name = Release;
		};
/* End XCBuildConfiguration section */

/* Begin XCConfigurationList section */
		C01FCF4A08A954540054247B /* Build configuration list for PBXNativeTarget "WebUISample" */ = {
			isa = XCConfigurationList;
			buildConfigurations = (
				C01FCF4B08A954540054247B /* Debug */,
				C01FCF4C08A954540054247B /* Release */,
			);
			defaultConfigurationIsVisible = 0;
			defaultConfigurationName = Release;
		};
		C01FCF4E08A954540054247B /* Build configuration list for PBXProject "WebUISample" */ = {
			isa = XCConfigurationList;
			buildConfigurations = (
				C01FCF4F08A954540054247B /* Debug */,
				C01FCF5008A954540054247B /* Release */,
			);
			defaultConfigurationIsVisible = 0;
			defaultConfigurationName = Release;
		};
/* End XCConfigurationList section */
	};
	rootObject = 29B97313FDCFA39411CA2CEA /* Project object */;
}
